// !$*UTF8*$!
{
	archiveVersion = 1;
	classes = {
	};
	objectVersion = 46;
	objects = {

/* Begin PBXBuildFile section */
		B50F59FB1DD70C9800C1C0DA /* AppDelegate.swift in Sources */ = {isa = PBXBuildFile; fileRef = B50F59FA1DD70C9800C1C0DA /* AppDelegate.swift */; };
		B50F59FD1DD70C9800C1C0DA /* ViewController.swift in Sources */ = {isa = PBXBuildFile; fileRef = B50F59FC1DD70C9800C1C0DA /* ViewController.swift */; };
		B50F5A001DD70C9800C1C0DA /* Main.storyboard in Resources */ = {isa = PBXBuildFile; fileRef = B50F59FE1DD70C9800C1C0DA /* Main.storyboard */; };
		B50F5A021DD70C9800C1C0DA /* Assets.xcassets in Resources */ = {isa = PBXBuildFile; fileRef = B50F5A011DD70C9800C1C0DA /* Assets.xcassets */; };
		B50F5A051DD70C9800C1C0DA /* LaunchScreen.storyboard in Resources */ = {isa = PBXBuildFile; fileRef = B50F5A031DD70C9800C1C0DA /* LaunchScreen.storyboard */; };
		B50F5A101DD70D4500C1C0DA /* StartVC.swift in Sources */ = {isa = PBXBuildFile; fileRef = B50F5A0F1DD70D4500C1C0DA /* StartVC.swift */; };
		B50F5A131DD70E3200C1C0DA /* Localizable.strings in Resources */ = {isa = PBXBuildFile; fileRef = B50F5A151DD70E3200C1C0DA /* Localizable.strings */; };
		B50F5A1B1DD7103B00C1C0DA /* String.swift in Sources */ = {isa = PBXBuildFile; fileRef = B50F5A1A1DD7103B00C1C0DA /* String.swift */; };
		B50F5A1D1DD7107800C1C0DA /* UIButton.swift in Sources */ = {isa = PBXBuildFile; fileRef = B50F5A1C1DD7107800C1C0DA /* UIButton.swift */; };
		B50F5A211DD7119700C1C0DA /* CreateOfferVC.swift in Sources */ = {isa = PBXBuildFile; fileRef = B50F5A201DD7119700C1C0DA /* CreateOfferVC.swift */; };
		B50F5A261DD71ABA00C1C0DA /* RxCocoa.framework in Frameworks */ = {isa = PBXBuildFile; fileRef = B50F5A231DD71ABA00C1C0DA /* RxCocoa.framework */; };
		B50F5A271DD71ABA00C1C0DA /* RxKeyboard.framework in Frameworks */ = {isa = PBXBuildFile; fileRef = B50F5A241DD71ABA00C1C0DA /* RxKeyboard.framework */; };
		B50F5A281DD71ABA00C1C0DA /* RxSwift.framework in Frameworks */ = {isa = PBXBuildFile; fileRef = B50F5A251DD71ABA00C1C0DA /* RxSwift.framework */; };
		B50F5A2B1DD7296500C1C0DA /* TakePhotoVC.swift in Sources */ = {isa = PBXBuildFile; fileRef = B50F5A2A1DD7296500C1C0DA /* TakePhotoVC.swift */; };
		B50F5A2D1DD72C2100C1C0DA /* Observable.swift in Sources */ = {isa = PBXBuildFile; fileRef = B50F5A2C1DD72C2100C1C0DA /* Observable.swift */; };
		B50F5A301DD7357F00C1C0DA /* ShowOffersVC.swift in Sources */ = {isa = PBXBuildFile; fileRef = B50F5A2F1DD7357F00C1C0DA /* ShowOffersVC.swift */; };
		B50F5A341DD736DE00C1C0DA /* OfferTVC.swift in Sources */ = {isa = PBXBuildFile; fileRef = B50F5A321DD736DE00C1C0DA /* OfferTVC.swift */; };
		B50F5A351DD736DE00C1C0DA /* OfferTVC.xib in Resources */ = {isa = PBXBuildFile; fileRef = B50F5A331DD736DE00C1C0DA /* OfferTVC.xib */; };
/* End PBXBuildFile section */

/* Begin PBXFileReference section */
		B50F59F71DD70C9800C1C0DA /* Pfandflitzer.app */ = {isa = PBXFileReference; explicitFileType = wrapper.application; includeInIndex = 0; path = Pfandflitzer.app; sourceTree = BUILT_PRODUCTS_DIR; };
		B50F59FA1DD70C9800C1C0DA /* AppDelegate.swift */ = {isa = PBXFileReference; lastKnownFileType = sourcecode.swift; path = AppDelegate.swift; sourceTree = "<group>"; };
		B50F59FC1DD70C9800C1C0DA /* ViewController.swift */ = {isa = PBXFileReference; lastKnownFileType = sourcecode.swift; path = ViewController.swift; sourceTree = "<group>"; };
		B50F59FF1DD70C9800C1C0DA /* Base */ = {isa = PBXFileReference; lastKnownFileType = file.storyboard; name = Base; path = Base.lproj/Main.storyboard; sourceTree = "<group>"; };
		B50F5A011DD70C9800C1C0DA /* Assets.xcassets */ = {isa = PBXFileReference; lastKnownFileType = folder.assetcatalog; path = Assets.xcassets; sourceTree = "<group>"; };
		B50F5A041DD70C9800C1C0DA /* Base */ = {isa = PBXFileReference; lastKnownFileType = file.storyboard; name = Base; path = Base.lproj/LaunchScreen.storyboard; sourceTree = "<group>"; };
		B50F5A061DD70C9800C1C0DA /* Info.plist */ = {isa = PBXFileReference; lastKnownFileType = text.plist.xml; path = Info.plist; sourceTree = "<group>"; };
		B50F5A0F1DD70D4500C1C0DA /* StartVC.swift */ = {isa = PBXFileReference; fileEncoding = 4; lastKnownFileType = sourcecode.swift; path = StartVC.swift; sourceTree = "<group>"; };
		B50F5A141DD70E3200C1C0DA /* Base */ = {isa = PBXFileReference; lastKnownFileType = text.plist.strings; name = Base; path = Base.lproj/Localizable.strings; sourceTree = "<group>"; };
		B50F5A1A1DD7103B00C1C0DA /* String.swift */ = {isa = PBXFileReference; fileEncoding = 4; lastKnownFileType = sourcecode.swift; path = String.swift; sourceTree = "<group>"; };
		B50F5A1C1DD7107800C1C0DA /* UIButton.swift */ = {isa = PBXFileReference; fileEncoding = 4; lastKnownFileType = sourcecode.swift; path = UIButton.swift; sourceTree = "<group>"; };
		B50F5A201DD7119700C1C0DA /* CreateOfferVC.swift */ = {isa = PBXFileReference; fileEncoding = 4; lastKnownFileType = sourcecode.swift; path = CreateOfferVC.swift; sourceTree = "<group>"; };
		B50F5A231DD71ABA00C1C0DA /* RxCocoa.framework */ = {isa = PBXFileReference; lastKnownFileType = wrapper.framework; name = RxCocoa.framework; path = Carthage/Build/iOS/RxCocoa.framework; sourceTree = "<group>"; };
		B50F5A241DD71ABA00C1C0DA /* RxKeyboard.framework */ = {isa = PBXFileReference; lastKnownFileType = wrapper.framework; name = RxKeyboard.framework; path = Carthage/Build/iOS/RxKeyboard.framework; sourceTree = "<group>"; };
		B50F5A251DD71ABA00C1C0DA /* RxSwift.framework */ = {isa = PBXFileReference; lastKnownFileType = wrapper.framework; name = RxSwift.framework; path = Carthage/Build/iOS/RxSwift.framework; sourceTree = "<group>"; };
		B50F5A2A1DD7296500C1C0DA /* TakePhotoVC.swift */ = {isa = PBXFileReference; fileEncoding = 4; lastKnownFileType = sourcecode.swift; path = TakePhotoVC.swift; sourceTree = "<group>"; };
		B50F5A2C1DD72C2100C1C0DA /* Observable.swift */ = {isa = PBXFileReference; fileEncoding = 4; lastKnownFileType = sourcecode.swift; path = Observable.swift; sourceTree = "<group>"; };
		B50F5A2F1DD7357F00C1C0DA /* ShowOffersVC.swift */ = {isa = PBXFileReference; fileEncoding = 4; lastKnownFileType = sourcecode.swift; path = ShowOffersVC.swift; sourceTree = "<group>"; };
		B50F5A321DD736DE00C1C0DA /* OfferTVC.swift */ = {isa = PBXFileReference; fileEncoding = 4; lastKnownFileType = sourcecode.swift; path = OfferTVC.swift; sourceTree = "<group>"; };
		B50F5A331DD736DE00C1C0DA /* OfferTVC.xib */ = {isa = PBXFileReference; fileEncoding = 4; lastKnownFileType = file.xib; path = OfferTVC.xib; sourceTree = "<group>"; };
/* End PBXFileReference section */

/* Begin PBXFrameworksBuildPhase section */
		B50F59F41DD70C9800C1C0DA /* Frameworks */ = {
			isa = PBXFrameworksBuildPhase;
			buildActionMask = 2147483647;
			files = (
				B50F5A261DD71ABA00C1C0DA /* RxCocoa.framework in Frameworks */,
				B50F5A271DD71ABA00C1C0DA /* RxKeyboard.framework in Frameworks */,
				B50F5A281DD71ABA00C1C0DA /* RxSwift.framework in Frameworks */,
			);
			runOnlyForDeploymentPostprocessing = 0;
		};
/* End PBXFrameworksBuildPhase section */

/* Begin PBXGroup section */
		B50F59EE1DD70C9800C1C0DA = {
			isa = PBXGroup;
			children = (
				B50F5A221DD71AB900C1C0DA /* Frameworks */,
				B50F59F91DD70C9800C1C0DA /* Pfandflitzer */,
				B50F59F81DD70C9800C1C0DA /* Products */,
			);
			sourceTree = "<group>";
		};
		B50F59F81DD70C9800C1C0DA /* Products */ = {
			isa = PBXGroup;
			children = (
				B50F59F71DD70C9800C1C0DA /* Pfandflitzer.app */,
			);
			name = Products;
			sourceTree = "<group>";
		};
		B50F59F91DD70C9800C1C0DA /* Pfandflitzer */ = {
			isa = PBXGroup;
			children = (
				B50F5A0C1DD70CC400C1C0DA /* Core */,
				B50F5A191DD7103000C1C0DA /* Extensions */,
				B50F5A0D1DD70CD100C1C0DA /* Supporting files */,
				B50F5A1E1DD7116500C1C0DA /* Workflow */,
				B50F59FE1DD70C9800C1C0DA /* Main.storyboard */,
			);
			path = Pfandflitzer;
			sourceTree = "<group>";
		};
		B50F5A0C1DD70CC400C1C0DA /* Core */ = {
			isa = PBXGroup;
			children = (
				B50F59FC1DD70C9800C1C0DA /* ViewController.swift */,
			);
			path = Core;
			sourceTree = "<group>";
		};
		B50F5A0D1DD70CD100C1C0DA /* Supporting files */ = {
			isa = PBXGroup;
			children = (
				B50F59FA1DD70C9800C1C0DA /* AppDelegate.swift */,
				B50F5A011DD70C9800C1C0DA /* Assets.xcassets */,
				B50F5A061DD70C9800C1C0DA /* Info.plist */,
				B50F5A031DD70C9800C1C0DA /* LaunchScreen.storyboard */,
				B50F5A151DD70E3200C1C0DA /* Localizable.strings */,
			);
			path = "Supporting files";
			sourceTree = "<group>";
		};
		B50F5A0E1DD70D2200C1C0DA /* Start */ = {
			isa = PBXGroup;
			children = (
				B50F5A0F1DD70D4500C1C0DA /* StartVC.swift */,
			);
			path = Start;
			sourceTree = "<group>";
		};
		B50F5A191DD7103000C1C0DA /* Extensions */ = {
			isa = PBXGroup;
			children = (
				B50F5A2C1DD72C2100C1C0DA /* Observable.swift */,
				B50F5A1A1DD7103B00C1C0DA /* String.swift */,
				B50F5A1C1DD7107800C1C0DA /* UIButton.swift */,
			);
			name = Extensions;
			path = Extensions;
			sourceTree = "<group>";
		};
		B50F5A1E1DD7116500C1C0DA /* Workflow */ = {
			isa = PBXGroup;
			children = (
				B50F5A1F1DD7117E00C1C0DA /* Create Offer */,
				B50F5A2E1DD7356D00C1C0DA /* Show Offers */,
				B50F5A0E1DD70D2200C1C0DA /* Start */,
			);
			name = Workflow;
			path = Workflow;
			sourceTree = "<group>";
		};
		B50F5A1F1DD7117E00C1C0DA /* Create Offer */ = {
			isa = PBXGroup;
			children = (
				B50F5A201DD7119700C1C0DA /* CreateOfferVC.swift */,
				B50F5A2A1DD7296500C1C0DA /* TakePhotoVC.swift */,
			);
			name = "Create Offer";
			path = "Create Offer";
			sourceTree = "<group>";
		};
		B50F5A221DD71AB900C1C0DA /* Frameworks */ = {
			isa = PBXGroup;
			children = (
				B50F5A231DD71ABA00C1C0DA /* RxCocoa.framework */,
				B50F5A241DD71ABA00C1C0DA /* RxKeyboard.framework */,
				B50F5A251DD71ABA00C1C0DA /* RxSwift.framework */,
			);
			name = Frameworks;
			sourceTree = "<group>";
		};
		B50F5A2E1DD7356D00C1C0DA /* Show Offers */ = {
			isa = PBXGroup;
			children = (
				B50F5A311DD736C600C1C0DA /* Cell */,
				B50F5A2F1DD7357F00C1C0DA /* ShowOffersVC.swift */,
			);
			name = "Show Offers";
			path = "Show Offers";
			sourceTree = "<group>";
		};
		B50F5A311DD736C600C1C0DA /* Cell */ = {
			isa = PBXGroup;
			children = (
				B50F5A321DD736DE00C1C0DA /* OfferTVC.swift */,
				B50F5A331DD736DE00C1C0DA /* OfferTVC.xib */,
			);
			name = Cell;
			path = Cell;
			sourceTree = "<group>";
		};
/* End PBXGroup section */

/* Begin PBXNativeTarget section */
		B50F59F61DD70C9800C1C0DA /* Pfandflitzer */ = {
			isa = PBXNativeTarget;
			buildConfigurationList = B50F5A091DD70C9800C1C0DA /* Build configuration list for PBXNativeTarget "Pfandflitzer" */;
			buildPhases = (
				B50F59F31DD70C9800C1C0DA /* Sources */,
				B50F59F41DD70C9800C1C0DA /* Frameworks */,
				B50F59F51DD70C9800C1C0DA /* Resources */,
				B50F5A291DD71AC200C1C0DA /* ShellScript */,
			);
			buildRules = (
			);
			dependencies = (
			);
			name = Pfandflitzer;
			productName = Pfandflitzer;
			productReference = B50F59F71DD70C9800C1C0DA /* Pfandflitzer.app */;
			productType = "com.apple.product-type.application";
		};
/* End PBXNativeTarget section */

/* Begin PBXProject section */
		B50F59EF1DD70C9800C1C0DA /* Project object */ = {
			isa = PBXProject;
			attributes = {
				LastSwiftUpdateCheck = 0810;
				LastUpgradeCheck = 0810;
				ORGANIZATIONNAME = "Benjamin Herzog";
				TargetAttributes = {
					B50F59F61DD70C9800C1C0DA = {
						CreatedOnToolsVersion = 8.1;
						DevelopmentTeam = 3E4PGPNR47;
						ProvisioningStyle = Automatic;
					};
				};
			};
			buildConfigurationList = B50F59F21DD70C9800C1C0DA /* Build configuration list for PBXProject "Pfandflitzer" */;
			compatibilityVersion = "Xcode 3.2";
			developmentRegion = English;
			hasScannedForEncodings = 0;
			knownRegions = (
				en,
				Base,
			);
			mainGroup = B50F59EE1DD70C9800C1C0DA;
			productRefGroup = B50F59F81DD70C9800C1C0DA /* Products */;
			projectDirPath = "";
			projectRoot = "";
			targets = (
				B50F59F61DD70C9800C1C0DA /* Pfandflitzer */,
			);
		};
/* End PBXProject section */

/* Begin PBXResourcesBuildPhase section */
		B50F59F51DD70C9800C1C0DA /* Resources */ = {
			isa = PBXResourcesBuildPhase;
			buildActionMask = 2147483647;
			files = (
				B50F5A351DD736DE00C1C0DA /* OfferTVC.xib in Resources */,
				B50F5A051DD70C9800C1C0DA /* LaunchScreen.storyboard in Resources */,
				B50F5A131DD70E3200C1C0DA /* Localizable.strings in Resources */,
				B50F5A021DD70C9800C1C0DA /* Assets.xcassets in Resources */,
				B50F5A001DD70C9800C1C0DA /* Main.storyboard in Resources */,
			);
			runOnlyForDeploymentPostprocessing = 0;
		};
/* End PBXResourcesBuildPhase section */

/* Begin PBXShellScriptBuildPhase section */
		B50F5A291DD71AC200C1C0DA /* ShellScript */ = {
			isa = PBXShellScriptBuildPhase;
			buildActionMask = 2147483647;
			files = (
			);
			inputPaths = (
				"$(SRCROOT)/Carthage/Build/iOS/RxCocoa.framework",
				"$(SRCROOT)/Carthage/Build/iOS/RxSwift.framework",
				"$(SRCROOT)/Carthage/Build/iOS/RxKeyboard.framework",
			);
			outputPaths = (
			);
			runOnlyForDeploymentPostprocessing = 0;
			shellPath = /bin/sh;
			shellScript = "/usr/local/bin/carthage copy-frameworks";
		};
/* End PBXShellScriptBuildPhase section */

/* Begin PBXSourcesBuildPhase section */
		B50F59F31DD70C9800C1C0DA /* Sources */ = {
			isa = PBXSourcesBuildPhase;
			buildActionMask = 2147483647;
			files = (
				B50F5A2D1DD72C2100C1C0DA /* Observable.swift in Sources */,
				B50F5A1D1DD7107800C1C0DA /* UIButton.swift in Sources */,
				B50F5A341DD736DE00C1C0DA /* OfferTVC.swift in Sources */,
				B50F59FD1DD70C9800C1C0DA /* ViewController.swift in Sources */,
				B50F59FB1DD70C9800C1C0DA /* AppDelegate.swift in Sources */,
				B50F5A2B1DD7296500C1C0DA /* TakePhotoVC.swift in Sources */,
				B50F5A101DD70D4500C1C0DA /* StartVC.swift in Sources */,
				B50F5A301DD7357F00C1C0DA /* ShowOffersVC.swift in Sources */,
				B50F5A1B1DD7103B00C1C0DA /* String.swift in Sources */,
				B50F5A211DD7119700C1C0DA /* CreateOfferVC.swift in Sources */,
			);
			runOnlyForDeploymentPostprocessing = 0;
		};
/* End PBXSourcesBuildPhase section */

/* Begin PBXVariantGroup section */
		B50F59FE1DD70C9800C1C0DA /* Main.storyboard */ = {
			isa = PBXVariantGroup;
			children = (
				B50F59FF1DD70C9800C1C0DA /* Base */,
			);
			name = Main.storyboard;
			path = .;
			sourceTree = "<group>";
		};
		B50F5A031DD70C9800C1C0DA /* LaunchScreen.storyboard */ = {
			isa = PBXVariantGroup;
			children = (
				B50F5A041DD70C9800C1C0DA /* Base */,
			);
			name = LaunchScreen.storyboard;
			path = .;
			sourceTree = "<group>";
		};
		B50F5A151DD70E3200C1C0DA /* Localizable.strings */ = {
			isa = PBXVariantGroup;
			children = (
				B50F5A141DD70E3200C1C0DA /* Base */,
			);
			name = Localizable.strings;
			path = .;
			sourceTree = "<group>";
		};
/* End PBXVariantGroup section */

/* Begin XCBuildConfiguration section */
		B50F5A071DD70C9800C1C0DA /* Debug */ = {
			isa = XCBuildConfiguration;
			buildSettings = {
				ALWAYS_SEARCH_USER_PATHS = NO;
				CLANG_ANALYZER_NONNULL = YES;
				CLANG_CXX_LANGUAGE_STANDARD = "gnu++0x";
				CLANG_CXX_LIBRARY = "libc++";
				CLANG_ENABLE_MODULES = YES;
				CLANG_ENABLE_OBJC_ARC = YES;
				CLANG_WARN_BOOL_CONVERSION = YES;
				CLANG_WARN_CONSTANT_CONVERSION = YES;
				CLANG_WARN_DIRECT_OBJC_ISA_USAGE = YES_ERROR;
				CLANG_WARN_DOCUMENTATION_COMMENTS = YES;
				CLANG_WARN_EMPTY_BODY = YES;
				CLANG_WARN_ENUM_CONVERSION = YES;
				CLANG_WARN_INFINITE_RECURSION = YES;
				CLANG_WARN_INT_CONVERSION = YES;
				CLANG_WARN_OBJC_ROOT_CLASS = YES_ERROR;
				CLANG_WARN_SUSPICIOUS_MOVES = YES;
				CLANG_WARN_UNREACHABLE_CODE = YES;
				CLANG_WARN__DUPLICATE_METHOD_MATCH = YES;
				"CODE_SIGN_IDENTITY[sdk=iphoneos*]" = "iPhone Developer";
				COPY_PHASE_STRIP = NO;
				DEBUG_INFORMATION_FORMAT = dwarf;
				ENABLE_STRICT_OBJC_MSGSEND = YES;
				ENABLE_TESTABILITY = YES;
				GCC_C_LANGUAGE_STANDARD = gnu99;
				GCC_DYNAMIC_NO_PIC = NO;
				GCC_NO_COMMON_BLOCKS = YES;
				GCC_OPTIMIZATION_LEVEL = 0;
				GCC_PREPROCESSOR_DEFINITIONS = (
					"DEBUG=1",
					"$(inherited)",
				);
				GCC_WARN_64_TO_32_BIT_CONVERSION = YES;
				GCC_WARN_ABOUT_RETURN_TYPE = YES_ERROR;
				GCC_WARN_UNDECLARED_SELECTOR = YES;
				GCC_WARN_UNINITIALIZED_AUTOS = YES_AGGRESSIVE;
				GCC_WARN_UNUSED_FUNCTION = YES;
				GCC_WARN_UNUSED_VARIABLE = YES;
				IPHONEOS_DEPLOYMENT_TARGET = 10.1;
				MTL_ENABLE_DEBUG_INFO = YES;
				ONLY_ACTIVE_ARCH = YES;
				SDKROOT = iphoneos;
				SWIFT_ACTIVE_COMPILATION_CONDITIONS = DEBUG;
				SWIFT_OPTIMIZATION_LEVEL = "-Onone";
				TARGETED_DEVICE_FAMILY = "1,2";
			};
			name = Debug;
		};
		B50F5A081DD70C9800C1C0DA /* Release */ = {
			isa = XCBuildConfiguration;
			buildSettings = {
				ALWAYS_SEARCH_USER_PATHS = NO;
				CLANG_ANALYZER_NONNULL = YES;
				CLANG_CXX_LANGUAGE_STANDARD = "gnu++0x";
				CLANG_CXX_LIBRARY = "libc++";
				CLANG_ENABLE_MODULES = YES;
				CLANG_ENABLE_OBJC_ARC = YES;
				CLANG_WARN_BOOL_CONVERSION = YES;
				CLANG_WARN_CONSTANT_CONVERSION = YES;
				CLANG_WARN_DIRECT_OBJC_ISA_USAGE = YES_ERROR;
				CLANG_WARN_DOCUMENTATION_COMMENTS = YES;
				CLANG_WARN_EMPTY_BODY = YES;
				CLANG_WARN_ENUM_CONVERSION = YES;
				CLANG_WARN_INFINITE_RECURSION = YES;
				CLANG_WARN_INT_CONVERSION = YES;
				CLANG_WARN_OBJC_ROOT_CLASS = YES_ERROR;
				CLANG_WARN_SUSPICIOUS_MOVES = YES;
				CLANG_WARN_UNREACHABLE_CODE = YES;
				CLANG_WARN__DUPLICATE_METHOD_MATCH = YES;
				"CODE_SIGN_IDENTITY[sdk=iphoneos*]" = "iPhone Developer";
				COPY_PHASE_STRIP = NO;
				DEBUG_INFORMATION_FORMAT = "dwarf-with-dsym";
				ENABLE_NS_ASSERTIONS = NO;
				ENABLE_STRICT_OBJC_MSGSEND = YES;
				GCC_C_LANGUAGE_STANDARD = gnu99;
				GCC_NO_COMMON_BLOCKS = YES;
				GCC_WARN_64_TO_32_BIT_CONVERSION = YES;
				GCC_WARN_ABOUT_RETURN_TYPE = YES_ERROR;
				GCC_WARN_UNDECLARED_SELECTOR = YES;
				GCC_WARN_UNINITIALIZED_AUTOS = YES_AGGRESSIVE;
				GCC_WARN_UNUSED_FUNCTION = YES;
				GCC_WARN_UNUSED_VARIABLE = YES;
				IPHONEOS_DEPLOYMENT_TARGET = 10.1;
				MTL_ENABLE_DEBUG_INFO = NO;
				SDKROOT = iphoneos;
				SWIFT_OPTIMIZATION_LEVEL = "-Owholemodule";
				TARGETED_DEVICE_FAMILY = "1,2";
				VALIDATE_PRODUCT = YES;
			};
			name = Release;
		};
		B50F5A0A1DD70C9800C1C0DA /* Debug */ = {
			isa = XCBuildConfiguration;
			buildSettings = {
				ASSETCATALOG_COMPILER_APPICON_NAME = AppIcon;
				DEVELOPMENT_TEAM = 3E4PGPNR47;
				FRAMEWORK_SEARCH_PATHS = (
					"$(inherited)",
					"$(PROJECT_DIR)/Carthage/Build/iOS",
				);
				INFOPLIST_FILE = "Pfandflitzer/Supporting files/Info.plist";
				LD_RUNPATH_SEARCH_PATHS = "$(inherited) @executable_path/Frameworks";
				PRODUCT_BUNDLE_IDENTIFIER = de.benchr.Pfandflitzer;
				PRODUCT_NAME = "$(TARGET_NAME)";
				SWIFT_VERSION = 3.0;
			};
			name = Debug;
		};
		B50F5A0B1DD70C9800C1C0DA /* Release */ = {
			isa = XCBuildConfiguration;
			buildSettings = {
				ASSETCATALOG_COMPILER_APPICON_NAME = AppIcon;
				DEVELOPMENT_TEAM = 3E4PGPNR47;
				FRAMEWORK_SEARCH_PATHS = (
					"$(inherited)",
					"$(PROJECT_DIR)/Carthage/Build/iOS",
				);
				INFOPLIST_FILE = "Pfandflitzer/Supporting files/Info.plist";
				LD_RUNPATH_SEARCH_PATHS = "$(inherited) @executable_path/Frameworks";
				PRODUCT_BUNDLE_IDENTIFIER = de.benchr.Pfandflitzer;
				PRODUCT_NAME = "$(TARGET_NAME)";
				SWIFT_VERSION = 3.0;
			};
			name = Release;
		};
/* End XCBuildConfiguration section */

/* Begin XCConfigurationList section */
		B50F59F21DD70C9800C1C0DA /* Build configuration list for PBXProject "Pfandflitzer" */ = {
			isa = XCConfigurationList;
			buildConfigurations = (
				B50F5A071DD70C9800C1C0DA /* Debug */,
				B50F5A081DD70C9800C1C0DA /* Release */,
			);
			defaultConfigurationIsVisible = 0;
			defaultConfigurationName = Release;
		};
		B50F5A091DD70C9800C1C0DA /* Build configuration list for PBXNativeTarget "Pfandflitzer" */ = {
			isa = XCConfigurationList;
			buildConfigurations = (
				B50F5A0A1DD70C9800C1C0DA /* Debug */,
				B50F5A0B1DD70C9800C1C0DA /* Release */,
			);
			defaultConfigurationIsVisible = 0;
			defaultConfigurationName = Release;
		};
/* End XCConfigurationList section */
	};
	rootObject = B50F59EF1DD70C9800C1C0DA /* Project object */;
}
